
Microsoft Visual Studio Solution File, Format Version 12.00
# Visual Studio 15
VisualStudioVersion = 15.0.28307.136
MinimumVisualStudioVersion = 10.0.40219.1
Project("{FAE04EC0-301F-11D3-BF4B-00C04F79EFBC}") = "FoodChain", "FoodChain\FoodChain.csproj", "{FB84E122-65DA-497D-841C-0FC035C0CA56}"
EndProject
Global
	GlobalSection(SolutionConfigurationPlatforms) = preSolution
		Debug|Any CPU = Debug|Any CPU
		Release|Any CPU = Release|Any CPU
	EndGlobalSection
	GlobalSection(ProjectConfigurationPlatforms) = postSolution
		{FB84E122-65DA-497D-841C-0FC035C0CA56}.Debug|Any CPU.ActiveCfg = Debug|Any CPU
		{FB84E122-65DA-497D-841C-0FC035C0CA56}.Debug|Any CPU.Build.0 = Debug|Any CPU
		{FB84E122-65DA-497D-841C-0FC035C0CA56}.Debug|Any CPU.Deploy.0 = Debug|Any CPU
		{FB84E122-65DA-497D-841C-0FC035C0CA56}.Release|Any CPU.ActiveCfg = Release|Any CPU
		{FB84E122-65DA-497D-841C-0FC035C0CA56}.Release|Any CPU.Build.0 = Release|Any CPU
		{FB84E122-65DA-497D-841C-0FC035C0CA56}.Release|Any CPU.Deploy.0 = Release|Any CPU
	EndGlobalSection
	GlobalSection(SolutionProperties) = preSolution
		HideSolutionNode = FALSE
	EndGlobalSection
	GlobalSection(ExtensibilityGlobals) = postSolution
		SolutionGuid = {780AB579-8DB5-4B28-B37A-80AEF7A973D8}
	EndGlobalSection
EndGlobal
